
Microsoft Visual Studio Solution File, Format Version 12.00
# Visual Studio 15
VisualStudioVersion = 15.0.27004.2002
MinimumVisualStudioVersion = 10.0.40219.1
Project("{262852C6-CD72-467D-83FE-5EEB1973A190}") = "AlternaRef", "AlternaRef\AlternaRef.jsproj", "{6C1DC205-1711-47E3-9F74-E80FED349962}"
EndProject
Global
	GlobalSection(SolutionConfigurationPlatforms) = preSolution
		Debug|Android = Debug|Android
		Debug|iOS = Debug|iOS
		Debug|Windows-AnyCPU = Debug|Windows-AnyCPU
		Debug|Windows-ARM = Debug|Windows-ARM
		Debug|Windows-x64 = Debug|Windows-x64
		Debug|Windows-x86 = Debug|Windows-x86
		Release|Android = Release|Android
		Release|iOS = Release|iOS
		Release|Windows-AnyCPU = Release|Windows-AnyCPU
		Release|Windows-ARM = Release|Windows-ARM
		Release|Windows-x64 = Release|Windows-x64
		Release|Windows-x86 = Release|Windows-x86
	EndGlobalSection
	GlobalSection(ProjectConfigurationPlatforms) = postSolution
		{6C1DC205-1711-47E3-9F74-E80FED349962}.Debug|Android.ActiveCfg = Debug|Android
		{6C1DC205-1711-47E3-9F74-E80FED349962}.Debug|Android.Build.0 = Debug|Android
		{6C1DC205-1711-47E3-9F74-E80FED349962}.Debug|Android.Deploy.0 = Debug|Android
		{6C1DC205-1711-47E3-9F74-E80FED349962}.Debug|iOS.ActiveCfg = Debug|iOS
		{6C1DC205-1711-47E3-9F74-E80FED349962}.Debug|iOS.Build.0 = Debug|iOS
		{6C1DC205-1711-47E3-9F74-E80FED349962}.Debug|iOS.Deploy.0 = Debug|iOS
		{6C1DC205-1711-47E3-9F74-E80FED349962}.Debug|Windows-AnyCPU.ActiveCfg = Debug|Windows-AnyCPU
		{6C1DC205-1711-47E3-9F74-E80FED349962}.Debug|Windows-AnyCPU.Build.0 = Debug|Windows-AnyCPU
		{6C1DC205-1711-47E3-9F74-E80FED349962}.Debug|Windows-AnyCPU.Deploy.0 = Debug|Windows-AnyCPU
		{6C1DC205-1711-47E3-9F74-E80FED349962}.Debug|Windows-ARM.ActiveCfg = Debug|Windows-ARM
		{6C1DC205-1711-47E3-9F74-E80FED349962}.Debug|Windows-ARM.Build.0 = Debug|Windows-ARM
		{6C1DC205-1711-47E3-9F74-E80FED349962}.Debug|Windows-ARM.Deploy.0 = Debug|Windows-ARM
		{6C1DC205-1711-47E3-9F74-E80FED349962}.Debug|Windows-x64.ActiveCfg = Debug|Windows-x64
		{6C1DC205-1711-47E3-9F74-E80FED349962}.Debug|Windows-x64.Build.0 = Debug|Windows-x64
		{6C1DC205-1711-47E3-9F74-E80FED349962}.Debug|Windows-x64.Deploy.0 = Debug|Windows-x64
		{6C1DC205-1711-47E3-9F74-E80FED349962}.Debug|Windows-x86.ActiveCfg = Debug|Windows-x86
		{6C1DC205-1711-47E3-9F74-E80FED349962}.Debug|Windows-x86.Build.0 = Debug|Windows-x86
		{6C1DC205-1711-47E3-9F74-E80FED349962}.Debug|Windows-x86.Deploy.0 = Debug|Windows-x86
		{6C1DC205-1711-47E3-9F74-E80FED349962}.Release|Android.ActiveCfg = Release|Android
		{6C1DC205-1711-47E3-9F74-E80FED349962}.Release|Android.Build.0 = Release|Android
		{6C1DC205-1711-47E3-9F74-E80FED349962}.Release|Android.Deploy.0 = Release|Android
		{6C1DC205-1711-47E3-9F74-E80FED349962}.Release|iOS.ActiveCfg = Release|iOS
		{6C1DC205-1711-47E3-9F74-E80FED349962}.Release|iOS.Build.0 = Release|iOS
		{6C1DC205-1711-47E3-9F74-E80FED349962}.Release|iOS.Deploy.0 = Release|iOS
		{6C1DC205-1711-47E3-9F74-E80FED349962}.Release|Windows-AnyCPU.ActiveCfg = Release|Windows-AnyCPU
		{6C1DC205-1711-47E3-9F74-E80FED349962}.Release|Windows-AnyCPU.Build.0 = Release|Windows-AnyCPU
		{6C1DC205-1711-47E3-9F74-E80FED349962}.Release|Windows-AnyCPU.Deploy.0 = Release|Windows-AnyCPU
		{6C1DC205-1711-47E3-9F74-E80FED349962}.Release|Windows-ARM.ActiveCfg = Release|Windows-ARM
		{6C1DC205-1711-47E3-9F74-E80FED349962}.Release|Windows-ARM.Build.0 = Release|Windows-ARM
		{6C1DC205-1711-47E3-9F74-E80FED349962}.Release|Windows-ARM.Deploy.0 = Release|Windows-ARM
		{6C1DC205-1711-47E3-9F74-E80FED349962}.Release|Windows-x64.ActiveCfg = Release|Windows-x64
		{6C1DC205-1711-47E3-9F74-E80FED349962}.Release|Windows-x64.Build.0 = Release|Windows-x64
		{6C1DC205-1711-47E3-9F74-E80FED349962}.Release|Windows-x64.Deploy.0 = Release|Windows-x64
		{6C1DC205-1711-47E3-9F74-E80FED349962}.Release|Windows-x86.ActiveCfg = Release|Windows-x86
		{6C1DC205-1711-47E3-9F74-E80FED349962}.Release|Windows-x86.Build.0 = Release|Windows-x86
		{6C1DC205-1711-47E3-9F74-E80FED349962}.Release|Windows-x86.Deploy.0 = Release|Windows-x86
	EndGlobalSection
	GlobalSection(SolutionProperties) = preSolution
		HideSolutionNode = FALSE
	EndGlobalSection
	GlobalSection(ExtensibilityGlobals) = postSolution
		SolutionGuid = {F22D1486-919F-4743-8654-8F482C0D694B}
	EndGlobalSection
EndGlobal
